
Microsoft Visual Studio Solution File, Format Version 12.00
# Visual Studio Version 17
VisualStudioVersion = 17.2.32505.173
MinimumVisualStudioVersion = 10.0.40219.1
Project("{FAE04EC0-301F-11D3-BF4B-00C04F79EFBC}") = "SingletonA", "SingletonA\SingletonA.csproj", "{90DB7628-4163-45E2-8495-10461F075BEF}"
EndProject
Project("{FAE04EC0-301F-11D3-BF4B-00C04F79EFBC}") = "Facade", "Facade\Facade.csproj", "{2A614826-5BE4-4413-89C3-5A941EA4CC38}"
EndProject
Project("{FAE04EC0-301F-11D3-BF4B-00C04F79EFBC}") = "ObserverA", "ObserverA\ObserverA.csproj", "{F81A64E5-1FB7-42D6-A268-C1BD8526087F}"
EndProject
Project("{9A19103F-16F7-4668-BE54-9A1E7A4F7556}") = "ObserverB", "ObserverB\ObserverB.csproj", "{F19BDC97-EDE9-4032-B0EC-7E14F43AA662}"
EndProject
Project("{9A19103F-16F7-4668-BE54-9A1E7A4F7556}") = "StrategyA", "StrategyA\StrategyA.csproj", "{7A88C356-BC7B-47D0-A33B-6C15014E648F}"
EndProject
Project("{9A19103F-16F7-4668-BE54-9A1E7A4F7556}") = "CompositeA", "CompositeA\CompositeA.csproj", "{731CFDF3-F95C-48E9-B660-9D2A38D67405}"
EndProject
Project("{9A19103F-16F7-4668-BE54-9A1E7A4F7556}") = "Koukouroukou", "Koukouroukou\Koukouroukou.csproj", "{797C6E17-EEA2-41A6-9B67-7B2BEE7A9624}"
EndProject
Project("{FAE04EC0-301F-11D3-BF4B-00C04F79EFBC}") = "compressFiles", "compressFiles\compressFiles.csproj", "{AA31C652-E398-4A11-A10E-620C2B9B122B}"
EndProject
Project("{FAE04EC0-301F-11D3-BF4B-00C04F79EFBC}") = "Assignment3", "Assignment3\Assignment3.csproj", "{4D6DC3AE-9A79-4982-8E96-CC0BC024638A}"
EndProject
Project("{FAE04EC0-301F-11D3-BF4B-00C04F79EFBC}") = "MapaFactory", "MapaFactory\MapaFactory.csproj", "{C1B6D1E2-5B59-41B3-A647-07DFE84EBD5B}"
EndProject
Global
	GlobalSection(SolutionConfigurationPlatforms) = preSolution
		Debug|Any CPU = Debug|Any CPU
		Release|Any CPU = Release|Any CPU
	EndGlobalSection
	GlobalSection(ProjectConfigurationPlatforms) = postSolution
		{90DB7628-4163-45E2-8495-10461F075BEF}.Debug|Any CPU.ActiveCfg = Debug|Any CPU
		{90DB7628-4163-45E2-8495-10461F075BEF}.Debug|Any CPU.Build.0 = Debug|Any CPU
		{90DB7628-4163-45E2-8495-10461F075BEF}.Release|Any CPU.ActiveCfg = Release|Any CPU
		{90DB7628-4163-45E2-8495-10461F075BEF}.Release|Any CPU.Build.0 = Release|Any CPU
		{2A614826-5BE4-4413-89C3-5A941EA4CC38}.Debug|Any CPU.ActiveCfg = Debug|Any CPU
		{2A614826-5BE4-4413-89C3-5A941EA4CC38}.Debug|Any CPU.Build.0 = Debug|Any CPU
		{2A614826-5BE4-4413-89C3-5A941EA4CC38}.Release|Any CPU.ActiveCfg = Release|Any CPU
		{2A614826-5BE4-4413-89C3-5A941EA4CC38}.Release|Any CPU.Build.0 = Release|Any CPU
		{F81A64E5-1FB7-42D6-A268-C1BD8526087F}.Debug|Any CPU.ActiveCfg = Debug|Any CPU
		{F81A64E5-1FB7-42D6-A268-C1BD8526087F}.Debug|Any CPU.Build.0 = Debug|Any CPU
		{F81A64E5-1FB7-42D6-A268-C1BD8526087F}.Release|Any CPU.ActiveCfg = Release|Any CPU
		{F81A64E5-1FB7-42D6-A268-C1BD8526087F}.Release|Any CPU.Build.0 = Release|Any CPU
		{F19BDC97-EDE9-4032-B0EC-7E14F43AA662}.Debug|Any CPU.ActiveCfg = Debug|Any CPU
		{F19BDC97-EDE9-4032-B0EC-7E14F43AA662}.Debug|Any CPU.Build.0 = Debug|Any CPU
		{F19BDC97-EDE9-4032-B0EC-7E14F43AA662}.Release|Any CPU.ActiveCfg = Release|Any CPU
		{F19BDC97-EDE9-4032-B0EC-7E14F43AA662}.Release|Any CPU.Build.0 = Release|Any CPU
		{7A88C356-BC7B-47D0-A33B-6C15014E648F}.Debug|Any CPU.ActiveCfg = Debug|Any CPU
		{7A88C356-BC7B-47D0-A33B-6C15014E648F}.Debug|Any CPU.Build.0 = Debug|Any CPU
		{7A88C356-BC7B-47D0-A33B-6C15014E648F}.Release|Any CPU.ActiveCfg = Release|Any CPU
		{7A88C356-BC7B-47D0-A33B-6C15014E648F}.Release|Any CPU.Build.0 = Release|Any CPU
		{731CFDF3-F95C-48E9-B660-9D2A38D67405}.Debug|Any CPU.ActiveCfg = Debug|Any CPU
		{731CFDF3-F95C-48E9-B660-9D2A38D67405}.Debug|Any CPU.Build.0 = Debug|Any CPU
		{731CFDF3-F95C-48E9-B660-9D2A38D67405}.Release|Any CPU.ActiveCfg = Release|Any CPU
		{731CFDF3-F95C-48E9-B660-9D2A38D67405}.Release|Any CPU.Build.0 = Release|Any CPU
		{797C6E17-EEA2-41A6-9B67-7B2BEE7A9624}.Debug|Any CPU.ActiveCfg = Debug|Any CPU
		{797C6E17-EEA2-41A6-9B67-7B2BEE7A9624}.Debug|Any CPU.Build.0 = Debug|Any CPU
		{797C6E17-EEA2-41A6-9B67-7B2BEE7A9624}.Release|Any CPU.ActiveCfg = Release|Any CPU
		{797C6E17-EEA2-41A6-9B67-7B2BEE7A9624}.Release|Any CPU.Build.0 = Release|Any CPU
		{AA31C652-E398-4A11-A10E-620C2B9B122B}.Debug|Any CPU.ActiveCfg = Debug|Any CPU
		{AA31C652-E398-4A11-A10E-620C2B9B122B}.Debug|Any CPU.Build.0 = Debug|Any CPU
		{AA31C652-E398-4A11-A10E-620C2B9B122B}.Release|Any CPU.ActiveCfg = Release|Any CPU
		{AA31C652-E398-4A11-A10E-620C2B9B122B}.Release|Any CPU.Build.0 = Release|Any CPU
		{4D6DC3AE-9A79-4982-8E96-CC0BC024638A}.Debug|Any CPU.ActiveCfg = Debug|Any CPU
		{4D6DC3AE-9A79-4982-8E96-CC0BC024638A}.Debug|Any CPU.Build.0 = Debug|Any CPU
		{4D6DC3AE-9A79-4982-8E96-CC0BC024638A}.Release|Any CPU.ActiveCfg = Release|Any CPU
		{4D6DC3AE-9A79-4982-8E96-CC0BC024638A}.Release|Any CPU.Build.0 = Release|Any CPU
		{C1B6D1E2-5B59-41B3-A647-07DFE84EBD5B}.Debug|Any CPU.ActiveCfg = Debug|Any CPU
		{C1B6D1E2-5B59-41B3-A647-07DFE84EBD5B}.Debug|Any CPU.Build.0 = Debug|Any CPU
		{C1B6D1E2-5B59-41B3-A647-07DFE84EBD5B}.Release|Any CPU.ActiveCfg = Release|Any CPU
		{C1B6D1E2-5B59-41B3-A647-07DFE84EBD5B}.Release|Any CPU.Build.0 = Release|Any CPU
	EndGlobalSection
	GlobalSection(SolutionProperties) = preSolution
		HideSolutionNode = FALSE
	EndGlobalSection
	GlobalSection(ExtensibilityGlobals) = postSolution
		SolutionGuid = {D696EA04-2A36-4AB8-932B-CAFB3F4074E7}
	EndGlobalSection
EndGlobal
